
Microsoft Visual Studio Solution File, Format Version 12.00
# Visual Studio 15
VisualStudioVersion = 15.0.28307.168
MinimumVisualStudioVersion = 10.0.40219.1
Project("{FAE04EC0-301F-11D3-BF4B-00C04F79EFBC}") = "Задача.1. Сравняване на символни масиви", "Задача.1. Сравняване на символни масиви\Задача.1. Сравняване на символни масиви.csproj", "{7A537978-DDCF-4049-997D-F08092C29387}"
EndProject
Global
	GlobalSection(SolutionConfigurationPlatforms) = preSolution
		Debug|Any CPU = Debug|Any CPU
		Release|Any CPU = Release|Any CPU
	EndGlobalSection
	GlobalSection(ProjectConfigurationPlatforms) = postSolution
		{7A537978-DDCF-4049-997D-F08092C29387}.Debug|Any CPU.ActiveCfg = Debug|Any CPU
		{7A537978-DDCF-4049-997D-F08092C29387}.Debug|Any CPU.Build.0 = Debug|Any CPU
		{7A537978-DDCF-4049-997D-F08092C29387}.Release|Any CPU.ActiveCfg = Release|Any CPU
		{7A537978-DDCF-4049-997D-F08092C29387}.Release|Any CPU.Build.0 = Release|Any CPU
	EndGlobalSection
	GlobalSection(SolutionProperties) = preSolution
		HideSolutionNode = FALSE
	EndGlobalSection
	GlobalSection(ExtensibilityGlobals) = postSolution
		SolutionGuid = {0629D50E-FE13-4B11-9794-9A0EE957A9B2}
	EndGlobalSection
EndGlobal
