
Microsoft Visual Studio Solution File, Format Version 12.00
# Visual Studio 15
VisualStudioVersion = 15.0.28307.168
MinimumVisualStudioVersion = 10.0.40219.1
Project("{FAE04EC0-301F-11D3-BF4B-00C04F79EFBC}") = "1. Векове към минути", "1. Векове към минути\1. Векове към минути.csproj", "{22028CA8-C343-41DB-BA11-A042540B3BD5}"
EndProject
Project("{FAE04EC0-301F-11D3-BF4B-00C04F79EFBC}") = "2. Цели числа", "2. Цели числа\2. Цели числа.csproj", "{FBF67293-B64D-4F04-8C5A-6C05ADDFF79D}"
EndProject
Project("{FAE04EC0-301F-11D3-BF4B-00C04F79EFBC}") = "3. Шестнадесетична променлива", "3. Шестнадесетична променлива\3. Шестнадесетична променлива.csproj", "{303D4C5D-F114-42F4-B3C7-B74A3A5D3BB5}"
EndProject
Project("{FAE04EC0-301F-11D3-BF4B-00C04F79EFBC}") = "4. Размяна на стойности на променливи", "4. Размяна на стойности на променливи\4. Размяна на стойности на променливи.csproj", "{F2E1499A-35EA-43E3-BEC3-88462C6079DE}"
EndProject
Project("{FAE04EC0-301F-11D3-BF4B-00C04F79EFBC}") = "5. Десетично към шестнадесетично и двоично", "5. Десетично към шестнадесетично и двоично\5. Десетично към шестнадесетично и двоично.csproj", "{E913972F-6D71-4594-A2C2-16F3EE00993E}"
EndProject
Project("{FAE04EC0-301F-11D3-BF4B-00C04F79EFBC}") = "6. Делене на цели числа", "6. Делене на цели числа\6. Делене на цели числа.csproj", "{ED032E47-1734-460C-847E-E2247237C2D1}"
EndProject
Global
	GlobalSection(SolutionConfigurationPlatforms) = preSolution
		Debug|Any CPU = Debug|Any CPU
		Release|Any CPU = Release|Any CPU
	EndGlobalSection
	GlobalSection(ProjectConfigurationPlatforms) = postSolution
		{22028CA8-C343-41DB-BA11-A042540B3BD5}.Debug|Any CPU.ActiveCfg = Debug|Any CPU
		{22028CA8-C343-41DB-BA11-A042540B3BD5}.Debug|Any CPU.Build.0 = Debug|Any CPU
		{22028CA8-C343-41DB-BA11-A042540B3BD5}.Release|Any CPU.ActiveCfg = Release|Any CPU
		{22028CA8-C343-41DB-BA11-A042540B3BD5}.Release|Any CPU.Build.0 = Release|Any CPU
		{FBF67293-B64D-4F04-8C5A-6C05ADDFF79D}.Debug|Any CPU.ActiveCfg = Debug|Any CPU
		{FBF67293-B64D-4F04-8C5A-6C05ADDFF79D}.Debug|Any CPU.Build.0 = Debug|Any CPU
		{FBF67293-B64D-4F04-8C5A-6C05ADDFF79D}.Release|Any CPU.ActiveCfg = Release|Any CPU
		{FBF67293-B64D-4F04-8C5A-6C05ADDFF79D}.Release|Any CPU.Build.0 = Release|Any CPU
		{303D4C5D-F114-42F4-B3C7-B74A3A5D3BB5}.Debug|Any CPU.ActiveCfg = Debug|Any CPU
		{303D4C5D-F114-42F4-B3C7-B74A3A5D3BB5}.Debug|Any CPU.Build.0 = Debug|Any CPU
		{303D4C5D-F114-42F4-B3C7-B74A3A5D3BB5}.Release|Any CPU.ActiveCfg = Release|Any CPU
		{303D4C5D-F114-42F4-B3C7-B74A3A5D3BB5}.Release|Any CPU.Build.0 = Release|Any CPU
		{F2E1499A-35EA-43E3-BEC3-88462C6079DE}.Debug|Any CPU.ActiveCfg = Debug|Any CPU
		{F2E1499A-35EA-43E3-BEC3-88462C6079DE}.Debug|Any CPU.Build.0 = Debug|Any CPU
		{F2E1499A-35EA-43E3-BEC3-88462C6079DE}.Release|Any CPU.ActiveCfg = Release|Any CPU
		{F2E1499A-35EA-43E3-BEC3-88462C6079DE}.Release|Any CPU.Build.0 = Release|Any CPU
		{E913972F-6D71-4594-A2C2-16F3EE00993E}.Debug|Any CPU.ActiveCfg = Debug|Any CPU
		{E913972F-6D71-4594-A2C2-16F3EE00993E}.Debug|Any CPU.Build.0 = Debug|Any CPU
		{E913972F-6D71-4594-A2C2-16F3EE00993E}.Release|Any CPU.ActiveCfg = Release|Any CPU
		{E913972F-6D71-4594-A2C2-16F3EE00993E}.Release|Any CPU.Build.0 = Release|Any CPU
		{ED032E47-1734-460C-847E-E2247237C2D1}.Debug|Any CPU.ActiveCfg = Debug|Any CPU
		{ED032E47-1734-460C-847E-E2247237C2D1}.Debug|Any CPU.Build.0 = Debug|Any CPU
		{ED032E47-1734-460C-847E-E2247237C2D1}.Release|Any CPU.ActiveCfg = Release|Any CPU
		{ED032E47-1734-460C-847E-E2247237C2D1}.Release|Any CPU.Build.0 = Release|Any CPU
	EndGlobalSection
	GlobalSection(SolutionProperties) = preSolution
		HideSolutionNode = FALSE
	EndGlobalSection
	GlobalSection(ExtensibilityGlobals) = postSolution
		SolutionGuid = {A6FB35FB-1882-4C1B-96D7-417B1FA9AECD}
	EndGlobalSection
EndGlobal
