
Microsoft Visual Studio Solution File, Format Version 12.00
# Visual Studio 15
VisualStudioVersion = 15.0.28307.168
MinimumVisualStudioVersion = 10.0.40219.1
Project("{FAE04EC0-301F-11D3-BF4B-00C04F79EFBC}") = "Обръщане на последователността на елементите на масив", "Обръщане на последователността на елементите на масив\Обръщане на последователността на елементите на масив.csproj", "{7DB2C24A-9AC6-4B1C-A93E-944E3BD50096}"
EndProject
Project("{FAE04EC0-301F-11D3-BF4B-00C04F79EFBC}") = "obrashtane na niz", "obrashtane na niz\obrashtane na niz.csproj", "{09DC4E58-3557-415D-A56C-E58CE6A7EBB4}"
EndProject
Project("{FAE04EC0-301F-11D3-BF4B-00C04F79EFBC}") = "zavartane i sumirane", "zavartane i sumirane\zavartane i sumirane.csproj", "{E6C6B3A1-C5C4-4966-B8D8-77F3933E8DAF}"
EndProject
Project("{FAE04EC0-301F-11D3-BF4B-00C04F79EFBC}") = "zavartane k i sumirane", "zavartane k i sumirane\zavartane k i sumirane.csproj", "{70246241-0309-4C4C-8135-FAB6C1D385D1}"
EndProject
Project("{FAE04EC0-301F-11D3-BF4B-00C04F79EFBC}") = "4. Сгъни и събери", "4. Сгъни и събери\4. Сгъни и събери.csproj", "{BBDA4C1C-8D14-4902-A5CB-DBB281ECDD6F}"
EndProject
Project("{FAE04EC0-301F-11D3-BF4B-00C04F79EFBC}") = "sgani i saberi2", "sgani i saberi2\sgani i saberi2.csproj", "{7D7D501E-5AD2-49A7-950A-0C8EE5550D21}"
EndProject
Global
	GlobalSection(SolutionConfigurationPlatforms) = preSolution
		Debug|Any CPU = Debug|Any CPU
		Release|Any CPU = Release|Any CPU
	EndGlobalSection
	GlobalSection(ProjectConfigurationPlatforms) = postSolution
		{7DB2C24A-9AC6-4B1C-A93E-944E3BD50096}.Debug|Any CPU.ActiveCfg = Debug|Any CPU
		{7DB2C24A-9AC6-4B1C-A93E-944E3BD50096}.Debug|Any CPU.Build.0 = Debug|Any CPU
		{7DB2C24A-9AC6-4B1C-A93E-944E3BD50096}.Release|Any CPU.ActiveCfg = Release|Any CPU
		{7DB2C24A-9AC6-4B1C-A93E-944E3BD50096}.Release|Any CPU.Build.0 = Release|Any CPU
		{09DC4E58-3557-415D-A56C-E58CE6A7EBB4}.Debug|Any CPU.ActiveCfg = Debug|Any CPU
		{09DC4E58-3557-415D-A56C-E58CE6A7EBB4}.Debug|Any CPU.Build.0 = Debug|Any CPU
		{09DC4E58-3557-415D-A56C-E58CE6A7EBB4}.Release|Any CPU.ActiveCfg = Release|Any CPU
		{09DC4E58-3557-415D-A56C-E58CE6A7EBB4}.Release|Any CPU.Build.0 = Release|Any CPU
		{E6C6B3A1-C5C4-4966-B8D8-77F3933E8DAF}.Debug|Any CPU.ActiveCfg = Debug|Any CPU
		{E6C6B3A1-C5C4-4966-B8D8-77F3933E8DAF}.Debug|Any CPU.Build.0 = Debug|Any CPU
		{E6C6B3A1-C5C4-4966-B8D8-77F3933E8DAF}.Release|Any CPU.ActiveCfg = Release|Any CPU
		{E6C6B3A1-C5C4-4966-B8D8-77F3933E8DAF}.Release|Any CPU.Build.0 = Release|Any CPU
		{70246241-0309-4C4C-8135-FAB6C1D385D1}.Debug|Any CPU.ActiveCfg = Debug|Any CPU
		{70246241-0309-4C4C-8135-FAB6C1D385D1}.Debug|Any CPU.Build.0 = Debug|Any CPU
		{70246241-0309-4C4C-8135-FAB6C1D385D1}.Release|Any CPU.ActiveCfg = Release|Any CPU
		{70246241-0309-4C4C-8135-FAB6C1D385D1}.Release|Any CPU.Build.0 = Release|Any CPU
		{BBDA4C1C-8D14-4902-A5CB-DBB281ECDD6F}.Debug|Any CPU.ActiveCfg = Debug|Any CPU
		{BBDA4C1C-8D14-4902-A5CB-DBB281ECDD6F}.Debug|Any CPU.Build.0 = Debug|Any CPU
		{BBDA4C1C-8D14-4902-A5CB-DBB281ECDD6F}.Release|Any CPU.ActiveCfg = Release|Any CPU
		{BBDA4C1C-8D14-4902-A5CB-DBB281ECDD6F}.Release|Any CPU.Build.0 = Release|Any CPU
		{7D7D501E-5AD2-49A7-950A-0C8EE5550D21}.Debug|Any CPU.ActiveCfg = Debug|Any CPU
		{7D7D501E-5AD2-49A7-950A-0C8EE5550D21}.Debug|Any CPU.Build.0 = Debug|Any CPU
		{7D7D501E-5AD2-49A7-950A-0C8EE5550D21}.Release|Any CPU.ActiveCfg = Release|Any CPU
		{7D7D501E-5AD2-49A7-950A-0C8EE5550D21}.Release|Any CPU.Build.0 = Release|Any CPU
	EndGlobalSection
	GlobalSection(SolutionProperties) = preSolution
		HideSolutionNode = FALSE
	EndGlobalSection
	GlobalSection(ExtensibilityGlobals) = postSolution
		SolutionGuid = {53D5E341-CEE3-4D85-AD7E-A3FF2A0ABDE1}
	EndGlobalSection
EndGlobal
