
Microsoft Visual Studio Solution File, Format Version 12.00
# Visual Studio 15
VisualStudioVersion = 15.0.28307.168
MinimumVisualStudioVersion = 10.0.40219.1
Project("{FAE04EC0-301F-11D3-BF4B-00C04F79EFBC}") = "2n", "2n\2n.csproj", "{F654AA50-65B6-4348-9422-46CC7366A508}"
EndProject
Project("{FAE04EC0-301F-11D3-BF4B-00C04F79EFBC}") = "Chetni stepeni na 2", "Chetni stepeni na 2\Chetni stepeni na 2.csproj", "{74F14AE8-729A-4968-BA7F-E030FDDA8ADA}"
EndProject
Project("{FAE04EC0-301F-11D3-BF4B-00C04F79EFBC}") = "2k+1", "2k+1\2k+1.csproj", "{6D250EDC-68FF-485B-B0DF-0665411018AE}"
EndProject
Project("{FAE04EC0-301F-11D3-BF4B-00C04F79EFBC}") = "korekciq na vavedeno chislo v opredelen interval", "korekciq na vavedeno chislo v opredelen interval\korekciq na vavedeno chislo v opredelen interval.csproj", "{0B57DB3F-CA86-4442-85BD-229257776D6B}"
EndProject
Project("{FAE04EC0-301F-11D3-BF4B-00C04F79EFBC}") = "NOD", "NOD\NOD.csproj", "{EDDB5645-D706-4815-B1D4-852592F7255D}"
EndProject
Global
	GlobalSection(SolutionConfigurationPlatforms) = preSolution
		Debug|Any CPU = Debug|Any CPU
		Release|Any CPU = Release|Any CPU
	EndGlobalSection
	GlobalSection(ProjectConfigurationPlatforms) = postSolution
		{F654AA50-65B6-4348-9422-46CC7366A508}.Debug|Any CPU.ActiveCfg = Debug|Any CPU
		{F654AA50-65B6-4348-9422-46CC7366A508}.Debug|Any CPU.Build.0 = Debug|Any CPU
		{F654AA50-65B6-4348-9422-46CC7366A508}.Release|Any CPU.ActiveCfg = Release|Any CPU
		{F654AA50-65B6-4348-9422-46CC7366A508}.Release|Any CPU.Build.0 = Release|Any CPU
		{74F14AE8-729A-4968-BA7F-E030FDDA8ADA}.Debug|Any CPU.ActiveCfg = Debug|Any CPU
		{74F14AE8-729A-4968-BA7F-E030FDDA8ADA}.Debug|Any CPU.Build.0 = Debug|Any CPU
		{74F14AE8-729A-4968-BA7F-E030FDDA8ADA}.Release|Any CPU.ActiveCfg = Release|Any CPU
		{74F14AE8-729A-4968-BA7F-E030FDDA8ADA}.Release|Any CPU.Build.0 = Release|Any CPU
		{6D250EDC-68FF-485B-B0DF-0665411018AE}.Debug|Any CPU.ActiveCfg = Debug|Any CPU
		{6D250EDC-68FF-485B-B0DF-0665411018AE}.Debug|Any CPU.Build.0 = Debug|Any CPU
		{6D250EDC-68FF-485B-B0DF-0665411018AE}.Release|Any CPU.ActiveCfg = Release|Any CPU
		{6D250EDC-68FF-485B-B0DF-0665411018AE}.Release|Any CPU.Build.0 = Release|Any CPU
		{0B57DB3F-CA86-4442-85BD-229257776D6B}.Debug|Any CPU.ActiveCfg = Debug|Any CPU
		{0B57DB3F-CA86-4442-85BD-229257776D6B}.Debug|Any CPU.Build.0 = Debug|Any CPU
		{0B57DB3F-CA86-4442-85BD-229257776D6B}.Release|Any CPU.ActiveCfg = Release|Any CPU
		{0B57DB3F-CA86-4442-85BD-229257776D6B}.Release|Any CPU.Build.0 = Release|Any CPU
		{EDDB5645-D706-4815-B1D4-852592F7255D}.Debug|Any CPU.ActiveCfg = Debug|Any CPU
		{EDDB5645-D706-4815-B1D4-852592F7255D}.Debug|Any CPU.Build.0 = Debug|Any CPU
		{EDDB5645-D706-4815-B1D4-852592F7255D}.Release|Any CPU.ActiveCfg = Release|Any CPU
		{EDDB5645-D706-4815-B1D4-852592F7255D}.Release|Any CPU.Build.0 = Release|Any CPU
	EndGlobalSection
	GlobalSection(SolutionProperties) = preSolution
		HideSolutionNode = FALSE
	EndGlobalSection
	GlobalSection(ExtensibilityGlobals) = postSolution
		SolutionGuid = {3D8A3FCE-82CB-4A54-8885-00DF47BB9D8B}
	EndGlobalSection
EndGlobal
