
Microsoft Visual Studio Solution File, Format Version 12.00
# Visual Studio 15
VisualStudioVersion = 15.0.28307.168
MinimumVisualStudioVersion = 10.0.40219.1
Project("{FAE04EC0-301F-11D3-BF4B-00C04F79EFBC}") = "асансьор", "асансьор\асансьор.csproj", "{AA4CA552-4B8E-4A45-BF25-EA151752FED0}"
EndProject
Project("{FAE04EC0-301F-11D3-BF4B-00C04F79EFBC}") = "bulevs promenliva", "bulevs promenliva\bulevs promenliva.csproj", "{63D71CC1-E57C-4190-BDFE-968C7641EC4D}"
EndProject
Project("{FAE04EC0-301F-11D3-BF4B-00C04F79EFBC}") = "Специални числа", "Специални числа\Специални числа.csproj", "{FDCBEFDA-FD47-40BB-A349-51A4BE643545}"
EndProject
Project("{FAE04EC0-301F-11D3-BF4B-00C04F79EFBC}") = "Знаци и кодове", "Знаци и кодове\Знаци и кодове.csproj", "{4A1FCC2F-DB8A-4727-9BD8-548695B1883B}"
EndProject
Project("{FAE04EC0-301F-11D3-BF4B-00C04F79EFBC}") = "Тройки latinski znaci", "Тройки latinski znaci\Тройки latinski znaci.csproj", "{3CFE2F76-8998-4432-AE8F-A811E85C41E2}"
EndProject
Project("{FAE04EC0-301F-11D3-BF4B-00C04F79EFBC}") = "Знакови литерали", "Знакови литерали\Знакови литерали.csproj", "{62BFF825-1318-4FDC-A688-46FF97EBE034}"
EndProject
Global
	GlobalSection(SolutionConfigurationPlatforms) = preSolution
		Debug|Any CPU = Debug|Any CPU
		Release|Any CPU = Release|Any CPU
	EndGlobalSection
	GlobalSection(ProjectConfigurationPlatforms) = postSolution
		{AA4CA552-4B8E-4A45-BF25-EA151752FED0}.Debug|Any CPU.ActiveCfg = Debug|Any CPU
		{AA4CA552-4B8E-4A45-BF25-EA151752FED0}.Debug|Any CPU.Build.0 = Debug|Any CPU
		{AA4CA552-4B8E-4A45-BF25-EA151752FED0}.Release|Any CPU.ActiveCfg = Release|Any CPU
		{AA4CA552-4B8E-4A45-BF25-EA151752FED0}.Release|Any CPU.Build.0 = Release|Any CPU
		{63D71CC1-E57C-4190-BDFE-968C7641EC4D}.Debug|Any CPU.ActiveCfg = Debug|Any CPU
		{63D71CC1-E57C-4190-BDFE-968C7641EC4D}.Debug|Any CPU.Build.0 = Debug|Any CPU
		{63D71CC1-E57C-4190-BDFE-968C7641EC4D}.Release|Any CPU.ActiveCfg = Release|Any CPU
		{63D71CC1-E57C-4190-BDFE-968C7641EC4D}.Release|Any CPU.Build.0 = Release|Any CPU
		{FDCBEFDA-FD47-40BB-A349-51A4BE643545}.Debug|Any CPU.ActiveCfg = Debug|Any CPU
		{FDCBEFDA-FD47-40BB-A349-51A4BE643545}.Debug|Any CPU.Build.0 = Debug|Any CPU
		{FDCBEFDA-FD47-40BB-A349-51A4BE643545}.Release|Any CPU.ActiveCfg = Release|Any CPU
		{FDCBEFDA-FD47-40BB-A349-51A4BE643545}.Release|Any CPU.Build.0 = Release|Any CPU
		{4A1FCC2F-DB8A-4727-9BD8-548695B1883B}.Debug|Any CPU.ActiveCfg = Debug|Any CPU
		{4A1FCC2F-DB8A-4727-9BD8-548695B1883B}.Debug|Any CPU.Build.0 = Debug|Any CPU
		{4A1FCC2F-DB8A-4727-9BD8-548695B1883B}.Release|Any CPU.ActiveCfg = Release|Any CPU
		{4A1FCC2F-DB8A-4727-9BD8-548695B1883B}.Release|Any CPU.Build.0 = Release|Any CPU
		{3CFE2F76-8998-4432-AE8F-A811E85C41E2}.Debug|Any CPU.ActiveCfg = Debug|Any CPU
		{3CFE2F76-8998-4432-AE8F-A811E85C41E2}.Debug|Any CPU.Build.0 = Debug|Any CPU
		{3CFE2F76-8998-4432-AE8F-A811E85C41E2}.Release|Any CPU.ActiveCfg = Release|Any CPU
		{3CFE2F76-8998-4432-AE8F-A811E85C41E2}.Release|Any CPU.Build.0 = Release|Any CPU
		{62BFF825-1318-4FDC-A688-46FF97EBE034}.Debug|Any CPU.ActiveCfg = Debug|Any CPU
		{62BFF825-1318-4FDC-A688-46FF97EBE034}.Debug|Any CPU.Build.0 = Debug|Any CPU
		{62BFF825-1318-4FDC-A688-46FF97EBE034}.Release|Any CPU.ActiveCfg = Release|Any CPU
		{62BFF825-1318-4FDC-A688-46FF97EBE034}.Release|Any CPU.Build.0 = Release|Any CPU
	EndGlobalSection
	GlobalSection(SolutionProperties) = preSolution
		HideSolutionNode = FALSE
	EndGlobalSection
	GlobalSection(ExtensibilityGlobals) = postSolution
		SolutionGuid = {C09CBA8C-C1C3-48D2-8B1C-EEA54AF7186A}
	EndGlobalSection
EndGlobal
