
Microsoft Visual Studio Solution File, Format Version 12.00
# Visual Studio 15
VisualStudioVersion = 15.0.28307.168
MinimumVisualStudioVersion = 10.0.40219.1
Project("{FAE04EC0-301F-11D3-BF4B-00C04F79EFBC}") = "24042016", "24042016\24042016.csproj", "{68B22B86-5603-4BB3-8A48-DF367EE62957}"
EndProject
Project("{FAE04EC0-301F-11D3-BF4B-00C04F79EFBC}") = "Умната Лили", "Умната Лили\Умната Лили.csproj", "{DD777BCE-036D-4974-A4F2-E6625F127903}"
EndProject
Project("{FAE04EC0-301F-11D3-BF4B-00C04F79EFBC}") = "ZnakStop", "ZnakStop\ZnakStop.csproj", "{423F0DA4-270B-4637-B1DB-803C4D4AD5F5}"
EndProject
Project("{FAE04EC0-301F-11D3-BF4B-00C04F79EFBC}") = "bufer", "bufer\bufer.csproj", "{3103F890-BFF8-457A-AAEB-70B1D3975803}"
EndProject
Project("{FAE04EC0-301F-11D3-BF4B-00C04F79EFBC}") = "specialni chisla", "specialni chisla\specialni chisla.csproj", "{3FF7496E-A884-4894-997E-A010FE1A217A}"
EndProject
Global
	GlobalSection(SolutionConfigurationPlatforms) = preSolution
		Debug|Any CPU = Debug|Any CPU
		Release|Any CPU = Release|Any CPU
	EndGlobalSection
	GlobalSection(ProjectConfigurationPlatforms) = postSolution
		{68B22B86-5603-4BB3-8A48-DF367EE62957}.Debug|Any CPU.ActiveCfg = Debug|Any CPU
		{68B22B86-5603-4BB3-8A48-DF367EE62957}.Debug|Any CPU.Build.0 = Debug|Any CPU
		{68B22B86-5603-4BB3-8A48-DF367EE62957}.Release|Any CPU.ActiveCfg = Release|Any CPU
		{68B22B86-5603-4BB3-8A48-DF367EE62957}.Release|Any CPU.Build.0 = Release|Any CPU
		{DD777BCE-036D-4974-A4F2-E6625F127903}.Debug|Any CPU.ActiveCfg = Debug|Any CPU
		{DD777BCE-036D-4974-A4F2-E6625F127903}.Debug|Any CPU.Build.0 = Debug|Any CPU
		{DD777BCE-036D-4974-A4F2-E6625F127903}.Release|Any CPU.ActiveCfg = Release|Any CPU
		{DD777BCE-036D-4974-A4F2-E6625F127903}.Release|Any CPU.Build.0 = Release|Any CPU
		{423F0DA4-270B-4637-B1DB-803C4D4AD5F5}.Debug|Any CPU.ActiveCfg = Debug|Any CPU
		{423F0DA4-270B-4637-B1DB-803C4D4AD5F5}.Debug|Any CPU.Build.0 = Debug|Any CPU
		{423F0DA4-270B-4637-B1DB-803C4D4AD5F5}.Release|Any CPU.ActiveCfg = Release|Any CPU
		{423F0DA4-270B-4637-B1DB-803C4D4AD5F5}.Release|Any CPU.Build.0 = Release|Any CPU
		{3103F890-BFF8-457A-AAEB-70B1D3975803}.Debug|Any CPU.ActiveCfg = Debug|Any CPU
		{3103F890-BFF8-457A-AAEB-70B1D3975803}.Debug|Any CPU.Build.0 = Debug|Any CPU
		{3103F890-BFF8-457A-AAEB-70B1D3975803}.Release|Any CPU.ActiveCfg = Release|Any CPU
		{3103F890-BFF8-457A-AAEB-70B1D3975803}.Release|Any CPU.Build.0 = Release|Any CPU
		{3FF7496E-A884-4894-997E-A010FE1A217A}.Debug|Any CPU.ActiveCfg = Debug|Any CPU
		{3FF7496E-A884-4894-997E-A010FE1A217A}.Debug|Any CPU.Build.0 = Debug|Any CPU
		{3FF7496E-A884-4894-997E-A010FE1A217A}.Release|Any CPU.ActiveCfg = Release|Any CPU
		{3FF7496E-A884-4894-997E-A010FE1A217A}.Release|Any CPU.Build.0 = Release|Any CPU
	EndGlobalSection
	GlobalSection(SolutionProperties) = preSolution
		HideSolutionNode = FALSE
	EndGlobalSection
	GlobalSection(ExtensibilityGlobals) = postSolution
		SolutionGuid = {16C262AC-7AA8-4A68-87AE-ED43CDD4D6A0}
	EndGlobalSection
EndGlobal
