
Microsoft Visual Studio Solution File, Format Version 12.00
# Visual Studio 15
VisualStudioVersion = 15.0.28307.168
MinimumVisualStudioVersion = 10.0.40219.1
Project("{FAE04EC0-301F-11D3-BF4B-00C04F79EFBC}") = "Рисуване на запълнен квадрат", "zad1\Рисуване на запълнен квадрат.csproj", "{E1DDC7BA-D86C-4530-BC7C-20BC12F5CDC3}"
EndProject
Project("{FAE04EC0-301F-11D3-BF4B-00C04F79EFBC}") = "zadacha1", "zadacha1\zadacha1.csproj", "{F912CC78-7C3E-4C78-BD6B-69E3987F417D}"
EndProject
Project("{FAE04EC0-301F-11D3-BF4B-00C04F79EFBC}") = "Lice na kvadrat Metod s parametar", "Lice na kvadrat Metod s parametar\Lice na kvadrat Metod s parametar.csproj", "{BEB2B0DB-4BFD-4AB6-B414-98C9F3B7F152}"
EndProject
Project("{FAE04EC0-301F-11D3-BF4B-00C04F79EFBC}") = "Kasova belejka", "Kasova belejka\Kasova belejka.csproj", "{4D1B0F3B-14FA-4AF2-8CB9-32DA8778A9FF}"
EndProject
Project("{FAE04EC0-301F-11D3-BF4B-00C04F79EFBC}") = "Izpolzvane na niakolko parametara", "Izpolzvane na niakolko parametara\Izpolzvane na niakolko parametara.csproj", "{1B4376E2-43C4-4BDF-8EF0-521C1BA4FF4D}"
EndProject
Project("{FAE04EC0-301F-11D3-BF4B-00C04F79EFBC}") = "Znak na cialo chislo", "Znak na cialo chislo\Znak na cialo chislo.csproj", "{36455C35-6FE2-4C90-9FAF-02E322CDD22B}"
EndProject
Project("{FAE04EC0-301F-11D3-BF4B-00C04F79EFBC}") = "dopalnitelna", "dopalnitelna\dopalnitelna.csproj", "{64DEFCC7-F76B-40CF-AAD3-F77D19E71B3F}"
EndProject
Project("{FAE04EC0-301F-11D3-BF4B-00C04F79EFBC}") = "Връща стойност string", "Връща стойност string\Връща стойност string.csproj", "{BB4D85E1-7D7A-4C51-8FFF-25CD87C12DE6}"
EndProject
Project("{FAE04EC0-301F-11D3-BF4B-00C04F79EFBC}") = "Lice na triagalnik", "Lice na triagalnik\Lice na triagalnik.csproj", "{6729AC16-BE8E-45C0-BEE8-4487A152D370}"
EndProject
Project("{FAE04EC0-301F-11D3-BF4B-00C04F79EFBC}") = "Stepenuvane na chislo", "Stepenuvane na chislo\Stepenuvane na chislo.csproj", "{86EA3777-B552-4A47-8EDE-BBF285082A95}"
EndProject
Project("{FAE04EC0-301F-11D3-BF4B-00C04F79EFBC}") = "По-голямата от две стойности", "По-голямата от две стойности\По-голямата от две стойности.csproj", "{B606117D-FE73-4116-B2B9-FCCE4959AD5A}"
EndProject
Project("{FAE04EC0-301F-11D3-BF4B-00C04F79EFBC}") = "preobrazuvane", "preobrazuvane\preobrazuvane.csproj", "{A5BA9FCB-B9EC-4436-9E96-174C463F073A}"
EndProject
Project("{FAE04EC0-301F-11D3-BF4B-00C04F79EFBC}") = "Suma chetni nechetni", "Suma chetni nechetni\Suma chetni nechetni.csproj", "{12E4DC8A-6B52-4101-B27F-55357FB23872}"
EndProject
Global
	GlobalSection(SolutionConfigurationPlatforms) = preSolution
		Debug|Any CPU = Debug|Any CPU
		Release|Any CPU = Release|Any CPU
	EndGlobalSection
	GlobalSection(ProjectConfigurationPlatforms) = postSolution
		{E1DDC7BA-D86C-4530-BC7C-20BC12F5CDC3}.Debug|Any CPU.ActiveCfg = Debug|Any CPU
		{E1DDC7BA-D86C-4530-BC7C-20BC12F5CDC3}.Debug|Any CPU.Build.0 = Debug|Any CPU
		{E1DDC7BA-D86C-4530-BC7C-20BC12F5CDC3}.Release|Any CPU.ActiveCfg = Release|Any CPU
		{E1DDC7BA-D86C-4530-BC7C-20BC12F5CDC3}.Release|Any CPU.Build.0 = Release|Any CPU
		{F912CC78-7C3E-4C78-BD6B-69E3987F417D}.Debug|Any CPU.ActiveCfg = Debug|Any CPU
		{F912CC78-7C3E-4C78-BD6B-69E3987F417D}.Debug|Any CPU.Build.0 = Debug|Any CPU
		{F912CC78-7C3E-4C78-BD6B-69E3987F417D}.Release|Any CPU.ActiveCfg = Release|Any CPU
		{F912CC78-7C3E-4C78-BD6B-69E3987F417D}.Release|Any CPU.Build.0 = Release|Any CPU
		{BEB2B0DB-4BFD-4AB6-B414-98C9F3B7F152}.Debug|Any CPU.ActiveCfg = Debug|Any CPU
		{BEB2B0DB-4BFD-4AB6-B414-98C9F3B7F152}.Debug|Any CPU.Build.0 = Debug|Any CPU
		{BEB2B0DB-4BFD-4AB6-B414-98C9F3B7F152}.Release|Any CPU.ActiveCfg = Release|Any CPU
		{BEB2B0DB-4BFD-4AB6-B414-98C9F3B7F152}.Release|Any CPU.Build.0 = Release|Any CPU
		{4D1B0F3B-14FA-4AF2-8CB9-32DA8778A9FF}.Debug|Any CPU.ActiveCfg = Debug|Any CPU
		{4D1B0F3B-14FA-4AF2-8CB9-32DA8778A9FF}.Debug|Any CPU.Build.0 = Debug|Any CPU
		{4D1B0F3B-14FA-4AF2-8CB9-32DA8778A9FF}.Release|Any CPU.ActiveCfg = Release|Any CPU
		{4D1B0F3B-14FA-4AF2-8CB9-32DA8778A9FF}.Release|Any CPU.Build.0 = Release|Any CPU
		{1B4376E2-43C4-4BDF-8EF0-521C1BA4FF4D}.Debug|Any CPU.ActiveCfg = Debug|Any CPU
		{1B4376E2-43C4-4BDF-8EF0-521C1BA4FF4D}.Debug|Any CPU.Build.0 = Debug|Any CPU
		{1B4376E2-43C4-4BDF-8EF0-521C1BA4FF4D}.Release|Any CPU.ActiveCfg = Release|Any CPU
		{1B4376E2-43C4-4BDF-8EF0-521C1BA4FF4D}.Release|Any CPU.Build.0 = Release|Any CPU
		{36455C35-6FE2-4C90-9FAF-02E322CDD22B}.Debug|Any CPU.ActiveCfg = Debug|Any CPU
		{36455C35-6FE2-4C90-9FAF-02E322CDD22B}.Debug|Any CPU.Build.0 = Debug|Any CPU
		{36455C35-6FE2-4C90-9FAF-02E322CDD22B}.Release|Any CPU.ActiveCfg = Release|Any CPU
		{36455C35-6FE2-4C90-9FAF-02E322CDD22B}.Release|Any CPU.Build.0 = Release|Any CPU
		{64DEFCC7-F76B-40CF-AAD3-F77D19E71B3F}.Debug|Any CPU.ActiveCfg = Debug|Any CPU
		{64DEFCC7-F76B-40CF-AAD3-F77D19E71B3F}.Debug|Any CPU.Build.0 = Debug|Any CPU
		{64DEFCC7-F76B-40CF-AAD3-F77D19E71B3F}.Release|Any CPU.ActiveCfg = Release|Any CPU
		{64DEFCC7-F76B-40CF-AAD3-F77D19E71B3F}.Release|Any CPU.Build.0 = Release|Any CPU
		{BB4D85E1-7D7A-4C51-8FFF-25CD87C12DE6}.Debug|Any CPU.ActiveCfg = Debug|Any CPU
		{BB4D85E1-7D7A-4C51-8FFF-25CD87C12DE6}.Debug|Any CPU.Build.0 = Debug|Any CPU
		{BB4D85E1-7D7A-4C51-8FFF-25CD87C12DE6}.Release|Any CPU.ActiveCfg = Release|Any CPU
		{BB4D85E1-7D7A-4C51-8FFF-25CD87C12DE6}.Release|Any CPU.Build.0 = Release|Any CPU
		{6729AC16-BE8E-45C0-BEE8-4487A152D370}.Debug|Any CPU.ActiveCfg = Debug|Any CPU
		{6729AC16-BE8E-45C0-BEE8-4487A152D370}.Debug|Any CPU.Build.0 = Debug|Any CPU
		{6729AC16-BE8E-45C0-BEE8-4487A152D370}.Release|Any CPU.ActiveCfg = Release|Any CPU
		{6729AC16-BE8E-45C0-BEE8-4487A152D370}.Release|Any CPU.Build.0 = Release|Any CPU
		{86EA3777-B552-4A47-8EDE-BBF285082A95}.Debug|Any CPU.ActiveCfg = Debug|Any CPU
		{86EA3777-B552-4A47-8EDE-BBF285082A95}.Debug|Any CPU.Build.0 = Debug|Any CPU
		{86EA3777-B552-4A47-8EDE-BBF285082A95}.Release|Any CPU.ActiveCfg = Release|Any CPU
		{86EA3777-B552-4A47-8EDE-BBF285082A95}.Release|Any CPU.Build.0 = Release|Any CPU
		{B606117D-FE73-4116-B2B9-FCCE4959AD5A}.Debug|Any CPU.ActiveCfg = Debug|Any CPU
		{B606117D-FE73-4116-B2B9-FCCE4959AD5A}.Debug|Any CPU.Build.0 = Debug|Any CPU
		{B606117D-FE73-4116-B2B9-FCCE4959AD5A}.Release|Any CPU.ActiveCfg = Release|Any CPU
		{B606117D-FE73-4116-B2B9-FCCE4959AD5A}.Release|Any CPU.Build.0 = Release|Any CPU
		{A5BA9FCB-B9EC-4436-9E96-174C463F073A}.Debug|Any CPU.ActiveCfg = Debug|Any CPU
		{A5BA9FCB-B9EC-4436-9E96-174C463F073A}.Debug|Any CPU.Build.0 = Debug|Any CPU
		{A5BA9FCB-B9EC-4436-9E96-174C463F073A}.Release|Any CPU.ActiveCfg = Release|Any CPU
		{A5BA9FCB-B9EC-4436-9E96-174C463F073A}.Release|Any CPU.Build.0 = Release|Any CPU
		{12E4DC8A-6B52-4101-B27F-55357FB23872}.Debug|Any CPU.ActiveCfg = Debug|Any CPU
		{12E4DC8A-6B52-4101-B27F-55357FB23872}.Debug|Any CPU.Build.0 = Debug|Any CPU
		{12E4DC8A-6B52-4101-B27F-55357FB23872}.Release|Any CPU.ActiveCfg = Release|Any CPU
		{12E4DC8A-6B52-4101-B27F-55357FB23872}.Release|Any CPU.Build.0 = Release|Any CPU
	EndGlobalSection
	GlobalSection(SolutionProperties) = preSolution
		HideSolutionNode = FALSE
	EndGlobalSection
	GlobalSection(ExtensibilityGlobals) = postSolution
		SolutionGuid = {888ECD1D-D6D4-4CDE-8A85-091B45BCD957}
	EndGlobalSection
EndGlobal
