
Microsoft Visual Studio Solution File, Format Version 12.00
# Visual Studio 15
VisualStudioVersion = 15.0.28307.168
MinimumVisualStudioVersion = 10.0.40219.1
Project("{FAE04EC0-301F-11D3-BF4B-00C04F79EFBC}") = "zad1", "zad1\zad1.csproj", "{ECC993F6-12F8-4238-8505-6445814027D7}"
EndProject
Project("{FAE04EC0-301F-11D3-BF4B-00C04F79EFBC}") = "Preobrazuvane ot 10 v druga brojna sistema", "Символни-низове-увод-упражнения\Preobrazuvane ot 10 v druga brojna sistema.csproj", "{3544CEC1-C8C4-4510-ABE5-96F2B3233754}"
EndProject
Project("{FAE04EC0-301F-11D3-BF4B-00C04F79EFBC}") = "Задача.2. Преобразуване от N-ична в 10-ична ПБС", "Задача.2. Преобразуване от N-ична в 10-ична ПБС\Задача.2. Преобразуване от N-ична в 10-ична ПБС.csproj", "{D45E220F-8063-430B-991A-D5D91046F112}"
EndProject
Project("{FAE04EC0-301F-11D3-BF4B-00C04F79EFBC}") = "obrashtane na nuz'", "obrashtane na nuz'\obrashtane na nuz'.csproj", "{810CAC70-A55F-4D0B-9C5A-25CF602FC7BD}"
EndProject
Project("{FAE04EC0-301F-11D3-BF4B-00C04F79EFBC}") = "unicod", "unicod\unicod.csproj", "{C54285FC-27BD-4BCD-B0FA-0F412A9DF67B}"
EndProject
Project("{FAE04EC0-301F-11D3-BF4B-00C04F79EFBC}") = "Задача.5. Умножаване на символни кодове", "Задача.5. Умножаване на символни кодове\Задача.5. Умножаване на символни кодове.csproj", "{6DB66823-8F9B-4B13-B352-80EFAFD654B1}"
EndProject
Project("{FAE04EC0-301F-11D3-BF4B-00C04F79EFBC}") = "palindrom", "palindrom\palindrom.csproj", "{FA1A464B-08A7-4F18-ABA0-DB297D72E97D}"
EndProject
Global
	GlobalSection(SolutionConfigurationPlatforms) = preSolution
		Debug|Any CPU = Debug|Any CPU
		Release|Any CPU = Release|Any CPU
	EndGlobalSection
	GlobalSection(ProjectConfigurationPlatforms) = postSolution
		{ECC993F6-12F8-4238-8505-6445814027D7}.Debug|Any CPU.ActiveCfg = Debug|Any CPU
		{ECC993F6-12F8-4238-8505-6445814027D7}.Debug|Any CPU.Build.0 = Debug|Any CPU
		{ECC993F6-12F8-4238-8505-6445814027D7}.Release|Any CPU.ActiveCfg = Release|Any CPU
		{ECC993F6-12F8-4238-8505-6445814027D7}.Release|Any CPU.Build.0 = Release|Any CPU
		{3544CEC1-C8C4-4510-ABE5-96F2B3233754}.Debug|Any CPU.ActiveCfg = Debug|Any CPU
		{3544CEC1-C8C4-4510-ABE5-96F2B3233754}.Debug|Any CPU.Build.0 = Debug|Any CPU
		{3544CEC1-C8C4-4510-ABE5-96F2B3233754}.Release|Any CPU.ActiveCfg = Release|Any CPU
		{3544CEC1-C8C4-4510-ABE5-96F2B3233754}.Release|Any CPU.Build.0 = Release|Any CPU
		{D45E220F-8063-430B-991A-D5D91046F112}.Debug|Any CPU.ActiveCfg = Debug|Any CPU
		{D45E220F-8063-430B-991A-D5D91046F112}.Debug|Any CPU.Build.0 = Debug|Any CPU
		{D45E220F-8063-430B-991A-D5D91046F112}.Release|Any CPU.ActiveCfg = Release|Any CPU
		{D45E220F-8063-430B-991A-D5D91046F112}.Release|Any CPU.Build.0 = Release|Any CPU
		{810CAC70-A55F-4D0B-9C5A-25CF602FC7BD}.Debug|Any CPU.ActiveCfg = Debug|Any CPU
		{810CAC70-A55F-4D0B-9C5A-25CF602FC7BD}.Debug|Any CPU.Build.0 = Debug|Any CPU
		{810CAC70-A55F-4D0B-9C5A-25CF602FC7BD}.Release|Any CPU.ActiveCfg = Release|Any CPU
		{810CAC70-A55F-4D0B-9C5A-25CF602FC7BD}.Release|Any CPU.Build.0 = Release|Any CPU
		{C54285FC-27BD-4BCD-B0FA-0F412A9DF67B}.Debug|Any CPU.ActiveCfg = Debug|Any CPU
		{C54285FC-27BD-4BCD-B0FA-0F412A9DF67B}.Debug|Any CPU.Build.0 = Debug|Any CPU
		{C54285FC-27BD-4BCD-B0FA-0F412A9DF67B}.Release|Any CPU.ActiveCfg = Release|Any CPU
		{C54285FC-27BD-4BCD-B0FA-0F412A9DF67B}.Release|Any CPU.Build.0 = Release|Any CPU
		{6DB66823-8F9B-4B13-B352-80EFAFD654B1}.Debug|Any CPU.ActiveCfg = Debug|Any CPU
		{6DB66823-8F9B-4B13-B352-80EFAFD654B1}.Debug|Any CPU.Build.0 = Debug|Any CPU
		{6DB66823-8F9B-4B13-B352-80EFAFD654B1}.Release|Any CPU.ActiveCfg = Release|Any CPU
		{6DB66823-8F9B-4B13-B352-80EFAFD654B1}.Release|Any CPU.Build.0 = Release|Any CPU
		{FA1A464B-08A7-4F18-ABA0-DB297D72E97D}.Debug|Any CPU.ActiveCfg = Debug|Any CPU
		{FA1A464B-08A7-4F18-ABA0-DB297D72E97D}.Debug|Any CPU.Build.0 = Debug|Any CPU
		{FA1A464B-08A7-4F18-ABA0-DB297D72E97D}.Release|Any CPU.ActiveCfg = Release|Any CPU
		{FA1A464B-08A7-4F18-ABA0-DB297D72E97D}.Release|Any CPU.Build.0 = Release|Any CPU
	EndGlobalSection
	GlobalSection(SolutionProperties) = preSolution
		HideSolutionNode = FALSE
	EndGlobalSection
	GlobalSection(ExtensibilityGlobals) = postSolution
		SolutionGuid = {F568E7E8-63C0-488B-BC3E-5D2C24D3FD8C}
	EndGlobalSection
EndGlobal
