
Microsoft Visual Studio Solution File, Format Version 12.00
# Visual Studio 15
VisualStudioVersion = 15.0.28307.168
MinimumVisualStudioVersion = 10.0.40219.1
Project("{FAE04EC0-301F-11D3-BF4B-00C04F79EFBC}") = "C1. Проверка за отлична оценка", "C1. Проверка за отлична оценка\C1. Проверка за отлична оценка.csproj", "{8C744939-C271-495A-9CBE-2553C082EBC1}"
EndProject
Project("{FAE04EC0-301F-11D3-BF4B-00C04F79EFBC}") = "3. Четно или нечетно число", "3. Четно или нечетно число\3. Четно или нечетно число.csproj", "{7BFF0AB3-7C2F-4583-857F-3005D14D37BB}"
EndProject
Project("{FAE04EC0-301F-11D3-BF4B-00C04F79EFBC}") = "6. Еднакви думи", "6. Еднакви думи\6. Еднакви думи.csproj", "{27C02A04-5ABA-4AFB-8518-7D0A0741DF19}"
EndProject
Project("{FAE04EC0-301F-11D3-BF4B-00C04F79EFBC}") = "Време +15", "Време +15\Време +15.csproj", "{FD6AB36E-2C9F-4109-A5E5-35AB658E9D5F}"
EndProject
Project("{FAE04EC0-301F-11D3-BF4B-00C04F79EFBC}") = "Три еднакви числа", "Три еднакви числа\Три еднакви числа.csproj", "{61492329-29B6-4419-9C31-8FDB769C6B16}"
EndProject
Global
	GlobalSection(SolutionConfigurationPlatforms) = preSolution
		Debug|Any CPU = Debug|Any CPU
		Release|Any CPU = Release|Any CPU
	EndGlobalSection
	GlobalSection(ProjectConfigurationPlatforms) = postSolution
		{8C744939-C271-495A-9CBE-2553C082EBC1}.Debug|Any CPU.ActiveCfg = Debug|Any CPU
		{8C744939-C271-495A-9CBE-2553C082EBC1}.Debug|Any CPU.Build.0 = Debug|Any CPU
		{8C744939-C271-495A-9CBE-2553C082EBC1}.Release|Any CPU.ActiveCfg = Release|Any CPU
		{8C744939-C271-495A-9CBE-2553C082EBC1}.Release|Any CPU.Build.0 = Release|Any CPU
		{7BFF0AB3-7C2F-4583-857F-3005D14D37BB}.Debug|Any CPU.ActiveCfg = Debug|Any CPU
		{7BFF0AB3-7C2F-4583-857F-3005D14D37BB}.Debug|Any CPU.Build.0 = Debug|Any CPU
		{7BFF0AB3-7C2F-4583-857F-3005D14D37BB}.Release|Any CPU.ActiveCfg = Release|Any CPU
		{7BFF0AB3-7C2F-4583-857F-3005D14D37BB}.Release|Any CPU.Build.0 = Release|Any CPU
		{27C02A04-5ABA-4AFB-8518-7D0A0741DF19}.Debug|Any CPU.ActiveCfg = Debug|Any CPU
		{27C02A04-5ABA-4AFB-8518-7D0A0741DF19}.Debug|Any CPU.Build.0 = Debug|Any CPU
		{27C02A04-5ABA-4AFB-8518-7D0A0741DF19}.Release|Any CPU.ActiveCfg = Release|Any CPU
		{27C02A04-5ABA-4AFB-8518-7D0A0741DF19}.Release|Any CPU.Build.0 = Release|Any CPU
		{FD6AB36E-2C9F-4109-A5E5-35AB658E9D5F}.Debug|Any CPU.ActiveCfg = Debug|Any CPU
		{FD6AB36E-2C9F-4109-A5E5-35AB658E9D5F}.Debug|Any CPU.Build.0 = Debug|Any CPU
		{FD6AB36E-2C9F-4109-A5E5-35AB658E9D5F}.Release|Any CPU.ActiveCfg = Release|Any CPU
		{FD6AB36E-2C9F-4109-A5E5-35AB658E9D5F}.Release|Any CPU.Build.0 = Release|Any CPU
		{61492329-29B6-4419-9C31-8FDB769C6B16}.Debug|Any CPU.ActiveCfg = Debug|Any CPU
		{61492329-29B6-4419-9C31-8FDB769C6B16}.Debug|Any CPU.Build.0 = Debug|Any CPU
		{61492329-29B6-4419-9C31-8FDB769C6B16}.Release|Any CPU.ActiveCfg = Release|Any CPU
		{61492329-29B6-4419-9C31-8FDB769C6B16}.Release|Any CPU.Build.0 = Release|Any CPU
	EndGlobalSection
	GlobalSection(SolutionProperties) = preSolution
		HideSolutionNode = FALSE
	EndGlobalSection
	GlobalSection(ExtensibilityGlobals) = postSolution
		SolutionGuid = {8D78163D-A0A3-4797-A8C8-E4E6E4E47871}
	EndGlobalSection
EndGlobal
