
Microsoft Visual Studio Solution File, Format Version 12.00
# Visual Studio 15
VisualStudioVersion = 15.0.28307.168
MinimumVisualStudioVersion = 10.0.40219.1
Project("{FAE04EC0-301F-11D3-BF4B-00C04F79EFBC}") = "Histograma", "Histograma\Histograma.csproj", "{CAA37B28-3B10-49FD-9FE3-E15BD5E7D9BA}"
EndProject
Project("{FAE04EC0-301F-11D3-BF4B-00C04F79EFBC}") = "Деление без остатък", "Деление без остатък\Деление без остатък.csproj", "{842A436B-7AE1-463B-B75A-18436EA5C896}"
EndProject
Project("{FAE04EC0-301F-11D3-BF4B-00C04F79EFBC}") = "Kreposst", "Kreposst\Kreposst.csproj", "{1E7148CE-74CA-4D8F-8333-6C2F09F561A1}"
EndProject
Project("{FAE04EC0-301F-11D3-BF4B-00C04F79EFBC}") = "KULA2", "KULA2\KULA2.csproj", "{89CB77A0-1DDD-40F6-9B40-A94F86C5C4BE}"
EndProject
Project("{FAE04EC0-301F-11D3-BF4B-00C04F79EFBC}") = "paroli original", "paroli original\paroli original.csproj", "{0FF092F2-FA2F-4707-ACD0-6312E185B886}"
EndProject
Project("{FAE04EC0-301F-11D3-BF4B-00C04F79EFBC}") = "magic", "magic\magic.csproj", "{E0E5130D-596F-4227-9127-EE3AC77AC4DF}"
EndProject
Global
	GlobalSection(SolutionConfigurationPlatforms) = preSolution
		Debug|Any CPU = Debug|Any CPU
		Release|Any CPU = Release|Any CPU
	EndGlobalSection
	GlobalSection(ProjectConfigurationPlatforms) = postSolution
		{CAA37B28-3B10-49FD-9FE3-E15BD5E7D9BA}.Debug|Any CPU.ActiveCfg = Debug|Any CPU
		{CAA37B28-3B10-49FD-9FE3-E15BD5E7D9BA}.Debug|Any CPU.Build.0 = Debug|Any CPU
		{CAA37B28-3B10-49FD-9FE3-E15BD5E7D9BA}.Release|Any CPU.ActiveCfg = Release|Any CPU
		{CAA37B28-3B10-49FD-9FE3-E15BD5E7D9BA}.Release|Any CPU.Build.0 = Release|Any CPU
		{842A436B-7AE1-463B-B75A-18436EA5C896}.Debug|Any CPU.ActiveCfg = Debug|Any CPU
		{842A436B-7AE1-463B-B75A-18436EA5C896}.Debug|Any CPU.Build.0 = Debug|Any CPU
		{842A436B-7AE1-463B-B75A-18436EA5C896}.Release|Any CPU.ActiveCfg = Release|Any CPU
		{842A436B-7AE1-463B-B75A-18436EA5C896}.Release|Any CPU.Build.0 = Release|Any CPU
		{1E7148CE-74CA-4D8F-8333-6C2F09F561A1}.Debug|Any CPU.ActiveCfg = Debug|Any CPU
		{1E7148CE-74CA-4D8F-8333-6C2F09F561A1}.Debug|Any CPU.Build.0 = Debug|Any CPU
		{1E7148CE-74CA-4D8F-8333-6C2F09F561A1}.Release|Any CPU.ActiveCfg = Release|Any CPU
		{1E7148CE-74CA-4D8F-8333-6C2F09F561A1}.Release|Any CPU.Build.0 = Release|Any CPU
		{89CB77A0-1DDD-40F6-9B40-A94F86C5C4BE}.Debug|Any CPU.ActiveCfg = Debug|Any CPU
		{89CB77A0-1DDD-40F6-9B40-A94F86C5C4BE}.Debug|Any CPU.Build.0 = Debug|Any CPU
		{89CB77A0-1DDD-40F6-9B40-A94F86C5C4BE}.Release|Any CPU.ActiveCfg = Release|Any CPU
		{89CB77A0-1DDD-40F6-9B40-A94F86C5C4BE}.Release|Any CPU.Build.0 = Release|Any CPU
		{0FF092F2-FA2F-4707-ACD0-6312E185B886}.Debug|Any CPU.ActiveCfg = Debug|Any CPU
		{0FF092F2-FA2F-4707-ACD0-6312E185B886}.Debug|Any CPU.Build.0 = Debug|Any CPU
		{0FF092F2-FA2F-4707-ACD0-6312E185B886}.Release|Any CPU.ActiveCfg = Release|Any CPU
		{0FF092F2-FA2F-4707-ACD0-6312E185B886}.Release|Any CPU.Build.0 = Release|Any CPU
		{E0E5130D-596F-4227-9127-EE3AC77AC4DF}.Debug|Any CPU.ActiveCfg = Debug|Any CPU
		{E0E5130D-596F-4227-9127-EE3AC77AC4DF}.Debug|Any CPU.Build.0 = Debug|Any CPU
		{E0E5130D-596F-4227-9127-EE3AC77AC4DF}.Release|Any CPU.ActiveCfg = Release|Any CPU
		{E0E5130D-596F-4227-9127-EE3AC77AC4DF}.Release|Any CPU.Build.0 = Release|Any CPU
	EndGlobalSection
	GlobalSection(SolutionProperties) = preSolution
		HideSolutionNode = FALSE
	EndGlobalSection
	GlobalSection(ExtensibilityGlobals) = postSolution
		SolutionGuid = {82D9C2F5-ACC1-438C-8502-94E8C5984664}
	EndGlobalSection
EndGlobal
