
Microsoft Visual Studio Solution File, Format Version 12.00
# Visual Studio 15
VisualStudioVersion = 15.0.28307.168
MinimumVisualStudioVersion = 10.0.40219.1
Project("{FAE04EC0-301F-11D3-BF4B-00C04F79EFBC}") = "Factoriel", "1. Факториел\Factoriel.csproj", "{DAD4CEE9-A5C1-4605-8A09-D484336CF95B}"
EndProject
Project("{FAE04EC0-301F-11D3-BF4B-00C04F79EFBC}") = "2. Сумиране на цифрите на число", "2. Сумиране на цифрите на число\2. Сумиране на цифрите на число.csproj", "{0A4C6279-82FC-4BFF-9118-0B8E5A170E55}"
EndProject
Project("{FAE04EC0-301F-11D3-BF4B-00C04F79EFBC}") = "3. Проверка за просто число", "3. Проверка за просто число\3. Проверка за просто число.csproj", "{F5D2209A-C1E9-49FD-8EAA-4F509AF07B68}"
EndProject
Project("{FAE04EC0-301F-11D3-BF4B-00C04F79EFBC}") = "4. Въвеждане на четно число (с обработка на грешен вход)", "4. Въвеждане на четно число (с обработка на грешен вход)\4. Въвеждане на четно число (с обработка на грешен вход).csproj", "{ED69AA2E-471C-4798-9D66-3A4F5E474119}"
EndProject
Project("{FAE04EC0-301F-11D3-BF4B-00C04F79EFBC}") = "chetni s provrka", "chetni s provrka\chetni s provrka.csproj", "{F7DA70D4-B6D1-45CF-8296-D9EC0315A3ED}"
EndProject
Project("{FAE04EC0-301F-11D3-BF4B-00C04F79EFBC}") = "chetni 2", "chetni 2\chetni 2.csproj", "{D7E52581-8797-47EB-A102-B30D20D4644A}"
EndProject
Project("{FAE04EC0-301F-11D3-BF4B-00C04F79EFBC}") = "5. Числа на Фибоначи", "ConsoleApp1\5. Числа на Фибоначи.csproj", "{F7F3E224-4749-46FC-884C-EEE639708784}"
EndProject
Project("{FAE04EC0-301F-11D3-BF4B-00C04F79EFBC}") = "Пирамида от числа", "Пирамида от цхисла\Пирамида от числа.csproj", "{3EB4AA60-4A96-48F3-934E-28181A0F88E1}"
EndProject
Project("{FAE04EC0-301F-11D3-BF4B-00C04F79EFBC}") = "7. Таблица с числа", "7. Таблица с числа\7. Таблица с числа.csproj", "{698208E0-1300-41EB-A16A-666BA8F037F5}"
EndProject
Global
	GlobalSection(SolutionConfigurationPlatforms) = preSolution
		Debug|Any CPU = Debug|Any CPU
		Release|Any CPU = Release|Any CPU
	EndGlobalSection
	GlobalSection(ProjectConfigurationPlatforms) = postSolution
		{DAD4CEE9-A5C1-4605-8A09-D484336CF95B}.Debug|Any CPU.ActiveCfg = Debug|Any CPU
		{DAD4CEE9-A5C1-4605-8A09-D484336CF95B}.Debug|Any CPU.Build.0 = Debug|Any CPU
		{DAD4CEE9-A5C1-4605-8A09-D484336CF95B}.Release|Any CPU.ActiveCfg = Release|Any CPU
		{DAD4CEE9-A5C1-4605-8A09-D484336CF95B}.Release|Any CPU.Build.0 = Release|Any CPU
		{0A4C6279-82FC-4BFF-9118-0B8E5A170E55}.Debug|Any CPU.ActiveCfg = Debug|Any CPU
		{0A4C6279-82FC-4BFF-9118-0B8E5A170E55}.Debug|Any CPU.Build.0 = Debug|Any CPU
		{0A4C6279-82FC-4BFF-9118-0B8E5A170E55}.Release|Any CPU.ActiveCfg = Release|Any CPU
		{0A4C6279-82FC-4BFF-9118-0B8E5A170E55}.Release|Any CPU.Build.0 = Release|Any CPU
		{F5D2209A-C1E9-49FD-8EAA-4F509AF07B68}.Debug|Any CPU.ActiveCfg = Debug|Any CPU
		{F5D2209A-C1E9-49FD-8EAA-4F509AF07B68}.Debug|Any CPU.Build.0 = Debug|Any CPU
		{F5D2209A-C1E9-49FD-8EAA-4F509AF07B68}.Release|Any CPU.ActiveCfg = Release|Any CPU
		{F5D2209A-C1E9-49FD-8EAA-4F509AF07B68}.Release|Any CPU.Build.0 = Release|Any CPU
		{ED69AA2E-471C-4798-9D66-3A4F5E474119}.Debug|Any CPU.ActiveCfg = Debug|Any CPU
		{ED69AA2E-471C-4798-9D66-3A4F5E474119}.Debug|Any CPU.Build.0 = Debug|Any CPU
		{ED69AA2E-471C-4798-9D66-3A4F5E474119}.Release|Any CPU.ActiveCfg = Release|Any CPU
		{ED69AA2E-471C-4798-9D66-3A4F5E474119}.Release|Any CPU.Build.0 = Release|Any CPU
		{F7DA70D4-B6D1-45CF-8296-D9EC0315A3ED}.Debug|Any CPU.ActiveCfg = Debug|Any CPU
		{F7DA70D4-B6D1-45CF-8296-D9EC0315A3ED}.Debug|Any CPU.Build.0 = Debug|Any CPU
		{F7DA70D4-B6D1-45CF-8296-D9EC0315A3ED}.Release|Any CPU.ActiveCfg = Release|Any CPU
		{F7DA70D4-B6D1-45CF-8296-D9EC0315A3ED}.Release|Any CPU.Build.0 = Release|Any CPU
		{D7E52581-8797-47EB-A102-B30D20D4644A}.Debug|Any CPU.ActiveCfg = Debug|Any CPU
		{D7E52581-8797-47EB-A102-B30D20D4644A}.Debug|Any CPU.Build.0 = Debug|Any CPU
		{D7E52581-8797-47EB-A102-B30D20D4644A}.Release|Any CPU.ActiveCfg = Release|Any CPU
		{D7E52581-8797-47EB-A102-B30D20D4644A}.Release|Any CPU.Build.0 = Release|Any CPU
		{F7F3E224-4749-46FC-884C-EEE639708784}.Debug|Any CPU.ActiveCfg = Debug|Any CPU
		{F7F3E224-4749-46FC-884C-EEE639708784}.Debug|Any CPU.Build.0 = Debug|Any CPU
		{F7F3E224-4749-46FC-884C-EEE639708784}.Release|Any CPU.ActiveCfg = Release|Any CPU
		{F7F3E224-4749-46FC-884C-EEE639708784}.Release|Any CPU.Build.0 = Release|Any CPU
		{3EB4AA60-4A96-48F3-934E-28181A0F88E1}.Debug|Any CPU.ActiveCfg = Debug|Any CPU
		{3EB4AA60-4A96-48F3-934E-28181A0F88E1}.Debug|Any CPU.Build.0 = Debug|Any CPU
		{3EB4AA60-4A96-48F3-934E-28181A0F88E1}.Release|Any CPU.ActiveCfg = Release|Any CPU
		{3EB4AA60-4A96-48F3-934E-28181A0F88E1}.Release|Any CPU.Build.0 = Release|Any CPU
		{698208E0-1300-41EB-A16A-666BA8F037F5}.Debug|Any CPU.ActiveCfg = Debug|Any CPU
		{698208E0-1300-41EB-A16A-666BA8F037F5}.Debug|Any CPU.Build.0 = Debug|Any CPU
		{698208E0-1300-41EB-A16A-666BA8F037F5}.Release|Any CPU.ActiveCfg = Release|Any CPU
		{698208E0-1300-41EB-A16A-666BA8F037F5}.Release|Any CPU.Build.0 = Release|Any CPU
	EndGlobalSection
	GlobalSection(SolutionProperties) = preSolution
		HideSolutionNode = FALSE
	EndGlobalSection
	GlobalSection(ExtensibilityGlobals) = postSolution
		SolutionGuid = {939C2946-C36A-40CF-AC7C-131A1BAB8EE5}
	EndGlobalSection
EndGlobal
